// !$*UTF8*$!
{
	archiveVersion = 1;
	classes = {
	};
	objectVersion = 42;
	objects = {

/* Begin PBXAggregateTarget section */
		BA68B2D80C865DE000238747 /* Build lame (PPC) */ = {
			isa = PBXAggregateTarget;
			buildConfigurationList = BA68B2E00C865DE200238747 /* Build configuration list for PBXAggregateTarget "Build lame (PPC)" */;
			buildPhases = (
				BA68B2E30C865DEF00238747 /* ShellScript */,
			);
			dependencies = (
			);
			name = "Build lame (PPC)";
			productName = "Build PPC";
		};
		BA68B2E70C865EBB00238747 /* Build lame (Intel) */ = {
			isa = PBXAggregateTarget;
			buildConfigurationList = BA68B2EE0C865ECC00238747 /* Build configuration list for PBXAggregateTarget "Build lame (Intel)" */;
			buildPhases = (
				BA68B2EA0C865EC000238747 /* ShellScript */,
			);
			dependencies = (
			);
			name = "Build lame (Intel)";
			productName = "Build Intel";
		};
		BA68B2F30C865F0F00238747 /* Build lame (Universal) */ = {
			isa = PBXAggregateTarget;
			buildConfigurationList = BA68B2FA0C865F1900238747 /* Build configuration list for PBXAggregateTarget "Build lame (Universal)" */;
			buildPhases = (
				BA68B2FD0C86600200238747 /* ShellScript */,
			);
			dependencies = (
				BA68B2F50C865F1200238747 /* PBXTargetDependency */,
				BA68B2F70C865F1500238747 /* PBXTargetDependency */,
			);
			name = "Build lame (Universal)";
			productName = libid3tag.a;
		};
/* End PBXAggregateTarget section */

/* Begin PBXContainerItemProxy section */
		BA68B2F40C865F1200238747 /* PBXContainerItemProxy */ = {
			isa = PBXContainerItemProxy;
			containerPortal = BA68B2870C865D9000238747 /* Project object */;
			proxyType = 1;
			remoteGlobalIDString = BA68B2D80C865DE000238747;
			remoteInfo = "Build PPC";
		};
		BA68B2F60C865F1500238747 /* PBXContainerItemProxy */ = {
			isa = PBXContainerItemProxy;
			containerPortal = BA68B2870C865D9000238747 /* Project object */;
			proxyType = 1;
			remoteGlobalIDString = BA68B2E70C865EBB00238747;
			remoteInfo = "Build Intel";
		};
/* End PBXContainerItemProxy section */

/* Begin PBXFileReference section */
		BA68B98F0C87FF0B00238747 /* lame */ = {isa = PBXFileReference; lastKnownFileType = "compiled.mach-o.executable"; name = lame; path = "lame-3.97/lame"; sourceTree = "<group>"; };
/* End PBXFileReference section */

/* Begin PBXGroup section */
		BA68B2850C865D9000238747 = {
			isa = PBXGroup;
			children = (
				BA68B98F0C87FF0B00238747 /* lame */,
			);
			sourceTree = "<group>";
		};
/* End PBXGroup section */

/* Begin PBXProject section */
		BA68B2870C865D9000238747 /* Project object */ = {
			isa = PBXProject;
			buildConfigurationList = BA68B2880C865D9000238747 /* Build configuration list for PBXProject "lame-3.97" */;
			hasScannedForEncodings = 0;
			mainGroup = BA68B2850C865D9000238747;
			projectDirPath = "";
			targets = (
				BA68B2D80C865DE000238747 /* Build lame (PPC) */,
				BA68B2E70C865EBB00238747 /* Build lame (Intel) */,
				BA68B2F30C865F0F00238747 /* Build lame (Universal) */,
			);
		};
/* End PBXProject section */

/* Begin PBXShellScriptBuildPhase section */
		BA68B2E30C865DEF00238747 /* ShellScript */ = {
			isa = PBXShellScriptBuildPhase;
			buildActionMask = 2147483647;
			files = (
			);
			inputPaths = (
			);
			outputPaths = (
			);
			runOnlyForDeploymentPostprocessing = 0;
			shellPath = /bin/sh;
			shellScript = "BUILD_ARCH=build/ppc\ncd lame-3.97\n./configure ppc darwin-ppc-cc\nmake clean\nmake \"CC=gcc -arch ppc\"\nmkdir -p $BUILD_ARCH\nmv frontend/lame $BUILD_ARCH\necho \"Done\"\nexit 0\n";
		};
		BA68B2EA0C865EC000238747 /* ShellScript */ = {
			isa = PBXShellScriptBuildPhase;
			buildActionMask = 2147483647;
			files = (
			);
			inputPaths = (
			);
			outputPaths = (
			);
			runOnlyForDeploymentPostprocessing = 0;
			shellPath = /bin/sh;
			shellScript = "BUILD_ARCH=build/i386\ncd lame-3.97\n./configure i386 darwin-i386-cc\nmake clean\nmake \"CC=gcc -arch i386\" \"CFLAGS=-Wall -g\"\nmkdir -p $BUILD_ARCH\nmv frontend/lame $BUILD_ARCH\necho \"Done\"\nexit 0\n";
		};
		BA68B2FD0C86600200238747 /* ShellScript */ = {
			isa = PBXShellScriptBuildPhase;
			buildActionMask = 2147483647;
			files = (
			);
			inputPaths = (
			);
			outputPaths = (
			);
			runOnlyForDeploymentPostprocessing = 0;
			shellPath = /bin/sh;
			shellScript = "# shell script goes here\ncd lame-3.97\nlipo -create build/*/lame -output lame\nexit 0";
		};
/* End PBXShellScriptBuildPhase section */

/* Begin PBXTargetDependency section */
		BA68B2F50C865F1200238747 /* PBXTargetDependency */ = {
			isa = PBXTargetDependency;
			target = BA68B2D80C865DE000238747 /* Build lame (PPC) */;
			targetProxy = BA68B2F40C865F1200238747 /* PBXContainerItemProxy */;
		};
		BA68B2F70C865F1500238747 /* PBXTargetDependency */ = {
			isa = PBXTargetDependency;
			target = BA68B2E70C865EBB00238747 /* Build lame (Intel) */;
			targetProxy = BA68B2F60C865F1500238747 /* PBXContainerItemProxy */;
		};
/* End PBXTargetDependency section */

/* Begin XCBuildConfiguration section */
		BA68B2890C865D9000238747 /* Debug */ = {
			isa = XCBuildConfiguration;
			buildSettings = {
				COPY_PHASE_STRIP = NO;
			};
			name = Debug;
		};
		BA68B28A0C865D9000238747 /* Release */ = {
			isa = XCBuildConfiguration;
			buildSettings = {
				COPY_PHASE_STRIP = YES;
			};
			name = Release;
		};
		BA68B2E10C865DE200238747 /* Debug */ = {
			isa = XCBuildConfiguration;
			buildSettings = {
				COPY_PHASE_STRIP = NO;
				GCC_DYNAMIC_NO_PIC = NO;
				GCC_GENERATE_DEBUGGING_SYMBOLS = YES;
				GCC_OPTIMIZATION_LEVEL = 0;
				PRODUCT_NAME = "Build PPC";
			};
			name = Debug;
		};
		BA68B2E20C865DE200238747 /* Release */ = {
			isa = XCBuildConfiguration;
			buildSettings = {
				COPY_PHASE_STRIP = YES;
				GCC_ENABLE_FIX_AND_CONTINUE = NO;
				GCC_GENERATE_DEBUGGING_SYMBOLS = NO;
				PRODUCT_NAME = "Build PPC";
				ZERO_LINK = NO;
			};
			name = Release;
		};
		BA68B2EF0C865ECC00238747 /* Debug */ = {
			isa = XCBuildConfiguration;
			buildSettings = {
				COPY_PHASE_STRIP = NO;
				GCC_DYNAMIC_NO_PIC = NO;
				GCC_GENERATE_DEBUGGING_SYMBOLS = YES;
				GCC_OPTIMIZATION_LEVEL = 0;
				PRODUCT_NAME = "Build Intel";
			};
			name = Debug;
		};
		BA68B2F00C865ECC00238747 /* Release */ = {
			isa = XCBuildConfiguration;
			buildSettings = {
				COPY_PHASE_STRIP = YES;
				GCC_ENABLE_FIX_AND_CONTINUE = NO;
				GCC_GENERATE_DEBUGGING_SYMBOLS = NO;
				PRODUCT_NAME = "Build Intel";
				ZERO_LINK = NO;
			};
			name = Release;
		};
		BA68B2FB0C865F1900238747 /* Debug */ = {
			isa = XCBuildConfiguration;
			buildSettings = {
				COPY_PHASE_STRIP = NO;
				GCC_DYNAMIC_NO_PIC = NO;
				GCC_GENERATE_DEBUGGING_SYMBOLS = YES;
				GCC_OPTIMIZATION_LEVEL = 0;
				PRODUCT_NAME = libid3tag.a;
			};
			name = Debug;
		};
		BA68B2FC0C865F1900238747 /* Release */ = {
			isa = XCBuildConfiguration;
			buildSettings = {
				COPY_PHASE_STRIP = YES;
				GCC_ENABLE_FIX_AND_CONTINUE = NO;
				GCC_GENERATE_DEBUGGING_SYMBOLS = NO;
				PRODUCT_NAME = libid3tag.a;
				ZERO_LINK = NO;
			};
			name = Release;
		};
/* End XCBuildConfiguration section */

/* Begin XCConfigurationList section */
		BA68B2880C865D9000238747 /* Build configuration list for PBXProject "lame-3.97" */ = {
			isa = XCConfigurationList;
			buildConfigurations = (
				BA68B2890C865D9000238747 /* Debug */,
				BA68B28A0C865D9000238747 /* Release */,
			);
			defaultConfigurationIsVisible = 0;
			defaultConfigurationName = Release;
		};
		BA68B2E00C865DE200238747 /* Build configuration list for PBXAggregateTarget "Build lame (PPC)" */ = {
			isa = XCConfigurationList;
			buildConfigurations = (
				BA68B2E10C865DE200238747 /* Debug */,
				BA68B2E20C865DE200238747 /* Release */,
			);
			defaultConfigurationIsVisible = 0;
			defaultConfigurationName = Release;
		};
		BA68B2EE0C865ECC00238747 /* Build configuration list for PBXAggregateTarget "Build lame (Intel)" */ = {
			isa = XCConfigurationList;
			buildConfigurations = (
				BA68B2EF0C865ECC00238747 /* Debug */,
				BA68B2F00C865ECC00238747 /* Release */,
			);
			defaultConfigurationIsVisible = 0;
			defaultConfigurationName = Release;
		};
		BA68B2FA0C865F1900238747 /* Build configuration list for PBXAggregateTarget "Build lame (Universal)" */ = {
			isa = XCConfigurationList;
			buildConfigurations = (
				BA68B2FB0C865F1900238747 /* Debug */,
				BA68B2FC0C865F1900238747 /* Release */,
			);
			defaultConfigurationIsVisible = 0;
			defaultConfigurationName = Release;
		};
/* End XCConfigurationList section */
	};
	rootObject = BA68B2870C865D9000238747 /* Project object */;
}
